
Microsoft Visual Studio Solution File, Format Version 12.00
# Visual Studio Version 17
VisualStudioVersion = 17.9.34622.214
MinimumVisualStudioVersion = 10.0.40219.1
Project("{8BC9CEB8-8B4A-11D0-8D11-00A0C91BC942}") = "HuffmanCoding", "HuffmanCoding.vcxproj", "{0D204C0B-460E-43F7-A332-37A0353431ED}"
EndProject
Global
	GlobalSection(SolutionConfigurationPlatforms) = preSolution
		Debug|x64 = Debug|x64
		Debug|x86 = Debug|x86
		Release|x64 = Release|x64
		Release|x86 = Release|x86
	EndGlobalSection
	GlobalSection(ProjectConfigurationPlatforms) = postSolution
		{0D204C0B-460E-43F7-A332-37A0353431ED}.Debug|x64.ActiveCfg = Debug|x64
		{0D204C0B-460E-43F7-A332-37A0353431ED}.Debug|x64.Build.0 = Debug|x64
		{0D204C0B-460E-43F7-A332-37A0353431ED}.Debug|x86.ActiveCfg = Debug|Win32
		{0D204C0B-460E-43F7-A332-37A0353431ED}.Debug|x86.Build.0 = Debug|Win32
		{0D204C0B-460E-43F7-A332-37A0353431ED}.Release|x64.ActiveCfg = Release|x64
		{0D204C0B-460E-43F7-A332-37A0353431ED}.Release|x64.Build.0 = Release|x64
		{0D204C0B-460E-43F7-A332-37A0353431ED}.Release|x86.ActiveCfg = Release|Win32
		{0D204C0B-460E-43F7-A332-37A0353431ED}.Release|x86.Build.0 = Release|Win32
	EndGlobalSection
	GlobalSection(SolutionProperties) = preSolution
		HideSolutionNode = FALSE
	EndGlobalSection
	GlobalSection(ExtensibilityGlobals) = postSolution
		SolutionGuid = {7B2CE6C1-8708-4055-AA9D-007BE29673C9}
	EndGlobalSection
EndGlobal
